
Microsoft Visual Studio Solution File, Format Version 12.00
# Visual Studio Version 16
VisualStudioVersion = 16.0.30503.244
MinimumVisualStudioVersion = 10.0.40219.1
Project("{2150E333-8FDC-42A3-9474-1A3956D46DE8}") = "Lab2", "Lab2", "{CDF3F03B-1E7E-4647-B708-71F2072516BC}"
EndProject
Project("{2150E333-8FDC-42A3-9474-1A3956D46DE8}") = "View", "View", "{B64352DA-4D67-445E-AB38-5CF05FC56EA6}"
EndProject
Project("{FAE04EC0-301F-11D3-BF4B-00C04F79EFBC}") = "ProductInWarehouseModel", "ProductsInWarehouseModel\ProductInWarehouseModel.csproj", "{2F967370-681A-402D-BF99-49FE525582C3}"
EndProject
Project("{2150E333-8FDC-42A3-9474-1A3956D46DE8}") = "Model", "Model", "{3FF230F8-5D08-4FEA-BCBC-C16ECDA4A002}"
EndProject
Project("{FAE04EC0-301F-11D3-BF4B-00C04F79EFBC}") = "ProductInWarehouseView", "ProductInWarehouseView\ProductInWarehouseView.csproj", "{D6CA1BDB-D135-42CF-93F7-9CB0D8DCD8BB}"
EndProject
Project("{2150E333-8FDC-42A3-9474-1A3956D46DE8}") = "Lab1", "Lab1", "{071940EF-5371-47F7-BB61-182B27B6B5F2}"
EndProject
Project("{2150E333-8FDC-42A3-9474-1A3956D46DE8}") = "Lab3", "Lab3", "{1982866E-5CE9-4F9C-85E0-6E43F5711F7D}"
EndProject
Project("{2150E333-8FDC-42A3-9474-1A3956D46DE8}") = "View", "View", "{4A0AE045-8618-4402-96B7-A5AAAEF3D622}"
EndProject
Project("{FAE04EC0-301F-11D3-BF4B-00C04F79EFBC}") = "EmployeesView", "EmployeesView\EmployeesView.csproj", "{3A1FBB82-84A8-41BF-8C93-3502372C2DE6}"
EndProject
Project("{2150E333-8FDC-42A3-9474-1A3956D46DE8}") = "Model", "Model", "{75221B01-B900-4986-9491-5D34A0106EAB}"
EndProject
Project("{2150E333-8FDC-42A3-9474-1A3956D46DE8}") = "View", "View", "{112A19F6-B68E-406E-AECC-BD6F1C6C37A1}"
EndProject
Project("{FAE04EC0-301F-11D3-BF4B-00C04F79EFBC}") = "PlaneModel", "PlaneModel\PlaneModel.csproj", "{6300E0EF-4D25-40C7-9605-1B1648302895}"
EndProject
Project("{FAE04EC0-301F-11D3-BF4B-00C04F79EFBC}") = "PlaneView", "PlaneView\PlaneView.csproj", "{7576417A-EDFB-4920-9FA3-5293097D2643}"
EndProject
Project("{2150E333-8FDC-42A3-9474-1A3956D46DE8}") = "Model", "Model", "{D6B9A77A-81D2-4E5D-A3CB-3CB6E64176C3}"
EndProject
Project("{FAE04EC0-301F-11D3-BF4B-00C04F79EFBC}") = "EmployeesModel", "EmployeesModel\EmployeesModel.csproj", "{E6387CAC-E645-40AD-8C03-866165CB52AE}"
EndProject
Project("{2150E333-8FDC-42A3-9474-1A3956D46DE8}") = "Lab4", "Lab4", "{95D763AF-CBA6-492C-B82F-FAFFDFF39D22}"
EndProject
Project("{2150E333-8FDC-42A3-9474-1A3956D46DE8}") = "Model", "Model", "{E9D7A6CC-3FB4-4823-A1CE-11D689F127C3}"
EndProject
Project("{2150E333-8FDC-42A3-9474-1A3956D46DE8}") = "View", "View", "{19154D6F-9359-4BDF-A0CC-DB3E34B14AD3}"
EndProject
Project("{FAE04EC0-301F-11D3-BF4B-00C04F79EFBC}") = "EngineersModel", "EngineersModel\EngineersModel.csproj", "{00270450-8493-4936-A4E9-A49D69815DF5}"
EndProject
Project("{FAE04EC0-301F-11D3-BF4B-00C04F79EFBC}") = "EngineersView", "EngineersView\EngineersView.csproj", "{EC5D53EC-FD90-463C-9E27-4B8563F7EEF4}"
EndProject
Project("{2150E333-8FDC-42A3-9474-1A3956D46DE8}") = "Lab5", "Lab5", "{A4918241-53E3-4BA2-9A65-3C7F1E03D375}"
EndProject
Project("{2150E333-8FDC-42A3-9474-1A3956D46DE8}") = "Model", "Model", "{1119A40D-9A70-4F35-A618-EEA198E9DA3B}"
EndProject
Project("{2150E333-8FDC-42A3-9474-1A3956D46DE8}") = "View", "View", "{0484AF59-31D4-4AB9-8A82-5907606A3A07}"
EndProject
Project("{FAE04EC0-301F-11D3-BF4B-00C04F79EFBC}") = "ObjectsModel", "ObjectModel\ObjectsModel.csproj", "{54D33E91-1737-46EE-882B-1DBD05581C20}"
EndProject
Project("{FAE04EC0-301F-11D3-BF4B-00C04F79EFBC}") = "ObjectsView", "ObjectsView\ObjectsView.csproj", "{BACB7FAB-FE67-4D06-85BB-9ADC5736D1F4}"
EndProject
Global
	GlobalSection(SolutionConfigurationPlatforms) = preSolution
		Debug|Any CPU = Debug|Any CPU
		Release|Any CPU = Release|Any CPU
	EndGlobalSection
	GlobalSection(ProjectConfigurationPlatforms) = postSolution
		{2F967370-681A-402D-BF99-49FE525582C3}.Debug|Any CPU.ActiveCfg = Debug|Any CPU
		{2F967370-681A-402D-BF99-49FE525582C3}.Debug|Any CPU.Build.0 = Debug|Any CPU
		{2F967370-681A-402D-BF99-49FE525582C3}.Release|Any CPU.ActiveCfg = Release|Any CPU
		{2F967370-681A-402D-BF99-49FE525582C3}.Release|Any CPU.Build.0 = Release|Any CPU
		{D6CA1BDB-D135-42CF-93F7-9CB0D8DCD8BB}.Debug|Any CPU.ActiveCfg = Debug|Any CPU
		{D6CA1BDB-D135-42CF-93F7-9CB0D8DCD8BB}.Debug|Any CPU.Build.0 = Debug|Any CPU
		{D6CA1BDB-D135-42CF-93F7-9CB0D8DCD8BB}.Release|Any CPU.ActiveCfg = Release|Any CPU
		{D6CA1BDB-D135-42CF-93F7-9CB0D8DCD8BB}.Release|Any CPU.Build.0 = Release|Any CPU
		{3A1FBB82-84A8-41BF-8C93-3502372C2DE6}.Debug|Any CPU.ActiveCfg = Debug|Any CPU
		{3A1FBB82-84A8-41BF-8C93-3502372C2DE6}.Debug|Any CPU.Build.0 = Debug|Any CPU
		{3A1FBB82-84A8-41BF-8C93-3502372C2DE6}.Release|Any CPU.ActiveCfg = Release|Any CPU
		{3A1FBB82-84A8-41BF-8C93-3502372C2DE6}.Release|Any CPU.Build.0 = Release|Any CPU
		{6300E0EF-4D25-40C7-9605-1B1648302895}.Debug|Any CPU.ActiveCfg = Debug|Any CPU
		{6300E0EF-4D25-40C7-9605-1B1648302895}.Debug|Any CPU.Build.0 = Debug|Any CPU
		{6300E0EF-4D25-40C7-9605-1B1648302895}.Release|Any CPU.ActiveCfg = Release|Any CPU
		{6300E0EF-4D25-40C7-9605-1B1648302895}.Release|Any CPU.Build.0 = Release|Any CPU
		{7576417A-EDFB-4920-9FA3-5293097D2643}.Debug|Any CPU.ActiveCfg = Debug|Any CPU
		{7576417A-EDFB-4920-9FA3-5293097D2643}.Debug|Any CPU.Build.0 = Debug|Any CPU
		{7576417A-EDFB-4920-9FA3-5293097D2643}.Release|Any CPU.ActiveCfg = Release|Any CPU
		{7576417A-EDFB-4920-9FA3-5293097D2643}.Release|Any CPU.Build.0 = Release|Any CPU
		{E6387CAC-E645-40AD-8C03-866165CB52AE}.Debug|Any CPU.ActiveCfg = Debug|Any CPU
		{E6387CAC-E645-40AD-8C03-866165CB52AE}.Debug|Any CPU.Build.0 = Debug|Any CPU
		{E6387CAC-E645-40AD-8C03-866165CB52AE}.Release|Any CPU.ActiveCfg = Release|Any CPU
		{E6387CAC-E645-40AD-8C03-866165CB52AE}.Release|Any CPU.Build.0 = Release|Any CPU
		{00270450-8493-4936-A4E9-A49D69815DF5}.Debug|Any CPU.ActiveCfg = Debug|Any CPU
		{00270450-8493-4936-A4E9-A49D69815DF5}.Debug|Any CPU.Build.0 = Debug|Any CPU
		{00270450-8493-4936-A4E9-A49D69815DF5}.Release|Any CPU.ActiveCfg = Release|Any CPU
		{00270450-8493-4936-A4E9-A49D69815DF5}.Release|Any CPU.Build.0 = Release|Any CPU
		{EC5D53EC-FD90-463C-9E27-4B8563F7EEF4}.Debug|Any CPU.ActiveCfg = Debug|Any CPU
		{EC5D53EC-FD90-463C-9E27-4B8563F7EEF4}.Debug|Any CPU.Build.0 = Debug|Any CPU
		{EC5D53EC-FD90-463C-9E27-4B8563F7EEF4}.Release|Any CPU.ActiveCfg = Release|Any CPU
		{EC5D53EC-FD90-463C-9E27-4B8563F7EEF4}.Release|Any CPU.Build.0 = Release|Any CPU
		{54D33E91-1737-46EE-882B-1DBD05581C20}.Debug|Any CPU.ActiveCfg = Debug|Any CPU
		{54D33E91-1737-46EE-882B-1DBD05581C20}.Debug|Any CPU.Build.0 = Debug|Any CPU
		{54D33E91-1737-46EE-882B-1DBD05581C20}.Release|Any CPU.ActiveCfg = Release|Any CPU
		{54D33E91-1737-46EE-882B-1DBD05581C20}.Release|Any CPU.Build.0 = Release|Any CPU
		{BACB7FAB-FE67-4D06-85BB-9ADC5736D1F4}.Debug|Any CPU.ActiveCfg = Debug|Any CPU
		{BACB7FAB-FE67-4D06-85BB-9ADC5736D1F4}.Debug|Any CPU.Build.0 = Debug|Any CPU
		{BACB7FAB-FE67-4D06-85BB-9ADC5736D1F4}.Release|Any CPU.ActiveCfg = Release|Any CPU
		{BACB7FAB-FE67-4D06-85BB-9ADC5736D1F4}.Release|Any CPU.Build.0 = Release|Any CPU
	EndGlobalSection
	GlobalSection(SolutionProperties) = preSolution
		HideSolutionNode = FALSE
	EndGlobalSection
	GlobalSection(NestedProjects) = preSolution
		{B64352DA-4D67-445E-AB38-5CF05FC56EA6} = {CDF3F03B-1E7E-4647-B708-71F2072516BC}
		{2F967370-681A-402D-BF99-49FE525582C3} = {3FF230F8-5D08-4FEA-BCBC-C16ECDA4A002}
		{3FF230F8-5D08-4FEA-BCBC-C16ECDA4A002} = {CDF3F03B-1E7E-4647-B708-71F2072516BC}
		{D6CA1BDB-D135-42CF-93F7-9CB0D8DCD8BB} = {B64352DA-4D67-445E-AB38-5CF05FC56EA6}
		{4A0AE045-8618-4402-96B7-A5AAAEF3D622} = {1982866E-5CE9-4F9C-85E0-6E43F5711F7D}
		{3A1FBB82-84A8-41BF-8C93-3502372C2DE6} = {4A0AE045-8618-4402-96B7-A5AAAEF3D622}
		{75221B01-B900-4986-9491-5D34A0106EAB} = {071940EF-5371-47F7-BB61-182B27B6B5F2}
		{112A19F6-B68E-406E-AECC-BD6F1C6C37A1} = {071940EF-5371-47F7-BB61-182B27B6B5F2}
		{6300E0EF-4D25-40C7-9605-1B1648302895} = {75221B01-B900-4986-9491-5D34A0106EAB}
		{7576417A-EDFB-4920-9FA3-5293097D2643} = {112A19F6-B68E-406E-AECC-BD6F1C6C37A1}
		{D6B9A77A-81D2-4E5D-A3CB-3CB6E64176C3} = {1982866E-5CE9-4F9C-85E0-6E43F5711F7D}
		{E6387CAC-E645-40AD-8C03-866165CB52AE} = {D6B9A77A-81D2-4E5D-A3CB-3CB6E64176C3}
		{E9D7A6CC-3FB4-4823-A1CE-11D689F127C3} = {95D763AF-CBA6-492C-B82F-FAFFDFF39D22}
		{19154D6F-9359-4BDF-A0CC-DB3E34B14AD3} = {95D763AF-CBA6-492C-B82F-FAFFDFF39D22}
		{00270450-8493-4936-A4E9-A49D69815DF5} = {E9D7A6CC-3FB4-4823-A1CE-11D689F127C3}
		{EC5D53EC-FD90-463C-9E27-4B8563F7EEF4} = {19154D6F-9359-4BDF-A0CC-DB3E34B14AD3}
		{1119A40D-9A70-4F35-A618-EEA198E9DA3B} = {A4918241-53E3-4BA2-9A65-3C7F1E03D375}
		{0484AF59-31D4-4AB9-8A82-5907606A3A07} = {A4918241-53E3-4BA2-9A65-3C7F1E03D375}
		{54D33E91-1737-46EE-882B-1DBD05581C20} = {1119A40D-9A70-4F35-A618-EEA198E9DA3B}
		{BACB7FAB-FE67-4D06-85BB-9ADC5736D1F4} = {0484AF59-31D4-4AB9-8A82-5907606A3A07}
	EndGlobalSection
	GlobalSection(ExtensibilityGlobals) = postSolution
		SolutionGuid = {2153A7B6-1748-4EDD-AD1C-7D5B0A2A4392}
	EndGlobalSection
EndGlobal
